
Microsoft Visual Studio Solution File, Format Version 12.00
# Visual Studio Version 17
VisualStudioVersion = 17.0.32014.148
MinimumVisualStudioVersion = 10.0.40219.1
Project("{FAE04EC0-301F-11D3-BF4B-00C04F79EFBC}") = "PasswordGenerator", "PasswordGenerator\PasswordGenerator.csproj", "{2C1E104D-D713-45CD-9BF0-A629A830B8FD}"
EndProject
Global
	GlobalSection(SolutionConfigurationPlatforms) = preSolution
		Debug|Any CPU = Debug|Any CPU
		Release|Any CPU = Release|Any CPU
	EndGlobalSection
	GlobalSection(ProjectConfigurationPlatforms) = postSolution
		{2C1E104D-D713-45CD-9BF0-A629A830B8FD}.Debug|Any CPU.ActiveCfg = Debug|Any CPU
		{2C1E104D-D713-45CD-9BF0-A629A830B8FD}.Debug|Any CPU.Build.0 = Debug|Any CPU
		{2C1E104D-D713-45CD-9BF0-A629A830B8FD}.Release|Any CPU.ActiveCfg = Release|Any CPU
		{2C1E104D-D713-45CD-9BF0-A629A830B8FD}.Release|Any CPU.Build.0 = Release|Any CPU
	EndGlobalSection
	GlobalSection(SolutionProperties) = preSolution
		HideSolutionNode = FALSE
	EndGlobalSection
	GlobalSection(ExtensibilityGlobals) = postSolution
		SolutionGuid = {B27EF55E-BD8E-426E-860C-51246C95C54C}
	EndGlobalSection
EndGlobal
